
Microsoft Visual Studio Solution File, Format Version 12.00
# Visual Studio Version 17
VisualStudioVersion = 17.6.33723.286
MinimumVisualStudioVersion = 10.0.40219.1
Project("{FAE04EC0-301F-11D3-BF4B-00C04F79EFBC}") = "UR1-Miguel-Aguirre", "UR1-Miguel-Aguirre\UR1-Miguel-Aguirre.csproj", "{6B724B17-B889-48E6-95EE-A12E66ED7237}"
EndProject
Global
	GlobalSection(SolutionConfigurationPlatforms) = preSolution
		Debug|Any CPU = Debug|Any CPU
		Release|Any CPU = Release|Any CPU
	EndGlobalSection
	GlobalSection(ProjectConfigurationPlatforms) = postSolution
		{6B724B17-B889-48E6-95EE-A12E66ED7237}.Debug|Any CPU.ActiveCfg = Debug|Any CPU
		{6B724B17-B889-48E6-95EE-A12E66ED7237}.Debug|Any CPU.Build.0 = Debug|Any CPU
		{6B724B17-B889-48E6-95EE-A12E66ED7237}.Release|Any CPU.ActiveCfg = Release|Any CPU
		{6B724B17-B889-48E6-95EE-A12E66ED7237}.Release|Any CPU.Build.0 = Release|Any CPU
	EndGlobalSection
	GlobalSection(SolutionProperties) = preSolution
		HideSolutionNode = FALSE
	EndGlobalSection
	GlobalSection(ExtensibilityGlobals) = postSolution
		SolutionGuid = {215D4064-41F6-49E2-96BF-9FDBE9E92275}
	EndGlobalSection
EndGlobal
